
Microsoft Visual Studio Solution File, Format Version 12.00
# Visual Studio Version 17
VisualStudioVersion = 17.11.35303.130
MinimumVisualStudioVersion = 10.0.40219.1
Project("{2150E333-8FDC-42A3-9474-1A3956D46DE8}") = "Samples", "Samples", "{924F8D2C-7B14-4EC1-A5AE-B0B43F943903}"
EndProject
Project("{2150E333-8FDC-42A3-9474-1A3956D46DE8}") = "Framework", "Framework", "{258A4149-3A85-44B0-81BE-1115BBC984A7}"
EndProject
Project("{9A19103F-16F7-4668-BE54-9A1E7A4F7556}") = "Domain", "Samples\Domain\Domain.csproj", "{9004A77B-C2B2-45A7-95B1-60C27D9D84D4}"
EndProject
Project("{9A19103F-16F7-4668-BE54-9A1E7A4F7556}") = "Framework", "Framework\Framework\Framework.csproj", "{FDA2720C-B1DB-43B2-8061-D0AD152FCD7B}"
EndProject
Project("{9A19103F-16F7-4668-BE54-9A1E7A4F7556}") = "Framework.EventStore", "Framework\Framework.EventStore\Framework.EventStore.csproj", "{D2B6CDE8-525B-4185-A81D-80A1769F9117}"
EndProject
Project("{9A19103F-16F7-4668-BE54-9A1E7A4F7556}") = "Framework.Web", "Framework\Framework.Web\Framework.Web.csproj", "{5851EE83-D459-4D39-BF39-54D8D9A72C86}"
EndProject
Project("{9A19103F-16F7-4668-BE54-9A1E7A4F7556}") = "Framework.InMemory", "Framework\Framework.InMemory\Framework.InMemory.csproj", "{E0C003EE-962A-49DC-A614-8E1DD182239A}"
EndProject
Project("{9A19103F-16F7-4668-BE54-9A1E7A4F7556}") = "01_InMemory_Batch_Reading_Events", "Samples\01_InMemory_Batch_Reading_Events\01_InMemory_Batch_Reading_Events.csproj", "{2D7D409D-08A5-4139-8F43-0725A41C64CF}"
EndProject
Project("{9A19103F-16F7-4668-BE54-9A1E7A4F7556}") = "02_InMemory_RealTime_Reading_Events", "Samples\02_InMemory_RealTime_Reading_Events\02_InMemory_RealTime_Reading_Events.csproj", "{B4F7C4AF-4FEE-48A2-8B6A-82451E666A14}"
EndProject
Project("{9A19103F-16F7-4668-BE54-9A1E7A4F7556}") = "03_InMemory_Query", "Samples\03_InMemory_Query\03_InMemory_Query.csproj", "{A3CECC4F-D288-4B99-9499-5DCDC6ABB6C2}"
EndProject
Project("{9A19103F-16F7-4668-BE54-9A1E7A4F7556}") = "04_InMemory_RealTime_Query", "Samples\04_InMemory_RealTime_Query\04_InMemory_RealTime_Query.csproj", "{0CFD7C8B-BDE2-4730-8B28-9E6D541D9BA4}"
EndProject
Project("{FAE04EC0-301F-11D3-BF4B-00C04F79EFBC}") = "05_EventStoreDb_Batch_Reading_Events", "Samples\05_EventStoreDb_Batch_Reading_Events\05_EventStoreDb_Batch_Reading_Events.csproj", "{D39BE5B2-BC3C-4405-8BCC-BDBDE4ED1626}"
EndProject
Project("{FAE04EC0-301F-11D3-BF4B-00C04F79EFBC}") = "06_EventStoreDb_RealTime_Reading_Events", "Samples\06_EventStoreDb_RealTime_Reading_Events\06_EventStoreDb_RealTime_Reading_Events.csproj", "{0C31E132-7091-45F6-B550-492DD022BF77}"
EndProject
Project("{FAE04EC0-301F-11D3-BF4B-00C04F79EFBC}") = "07_EventStoreDb_Query", "Samples\07_EventStoreDb_Query\07_EventStoreDb_Query.csproj", "{100DE3A4-E400-406F-BF88-381F8B269FC3}"
EndProject
Project("{FAE04EC0-301F-11D3-BF4B-00C04F79EFBC}") = "08_EventStoreDb_RealTime_Query", "Samples\08_EventStoreDb_RealTime_Query\08_EventStoreDb_RealTime_Query.csproj", "{67C1EC7C-7C3A-49C5-A475-24C61B39AAE9}"
EndProject
Project("{FAE04EC0-301F-11D3-BF4B-00C04F79EFBC}") = "09_WebApp_InMemory", "Samples\09_WebApp_InMemory\09_WebApp_InMemory.csproj", "{08C9905F-E5B8-4C01-AE0A-08B31CA76299}"
EndProject
Project("{FAE04EC0-301F-11D3-BF4B-00C04F79EFBC}") = "10_WebApp_EventStoreDb", "Samples\10_WebApp_EventStoreDb\10_WebApp_EventStoreDb.csproj", "{E63F7919-0C43-4105-91C8-06EF9710661E}"
EndProject
Global
	GlobalSection(SolutionConfigurationPlatforms) = preSolution
		Debug|Any CPU = Debug|Any CPU
		Release|Any CPU = Release|Any CPU
	EndGlobalSection
	GlobalSection(ProjectConfigurationPlatforms) = postSolution
		{9004A77B-C2B2-45A7-95B1-60C27D9D84D4}.Debug|Any CPU.ActiveCfg = Debug|Any CPU
		{9004A77B-C2B2-45A7-95B1-60C27D9D84D4}.Debug|Any CPU.Build.0 = Debug|Any CPU
		{9004A77B-C2B2-45A7-95B1-60C27D9D84D4}.Release|Any CPU.ActiveCfg = Release|Any CPU
		{9004A77B-C2B2-45A7-95B1-60C27D9D84D4}.Release|Any CPU.Build.0 = Release|Any CPU
		{FDA2720C-B1DB-43B2-8061-D0AD152FCD7B}.Debug|Any CPU.ActiveCfg = Debug|Any CPU
		{FDA2720C-B1DB-43B2-8061-D0AD152FCD7B}.Debug|Any CPU.Build.0 = Debug|Any CPU
		{FDA2720C-B1DB-43B2-8061-D0AD152FCD7B}.Release|Any CPU.ActiveCfg = Release|Any CPU
		{FDA2720C-B1DB-43B2-8061-D0AD152FCD7B}.Release|Any CPU.Build.0 = Release|Any CPU
		{D2B6CDE8-525B-4185-A81D-80A1769F9117}.Debug|Any CPU.ActiveCfg = Debug|Any CPU
		{D2B6CDE8-525B-4185-A81D-80A1769F9117}.Debug|Any CPU.Build.0 = Debug|Any CPU
		{D2B6CDE8-525B-4185-A81D-80A1769F9117}.Release|Any CPU.ActiveCfg = Release|Any CPU
		{D2B6CDE8-525B-4185-A81D-80A1769F9117}.Release|Any CPU.Build.0 = Release|Any CPU
		{5851EE83-D459-4D39-BF39-54D8D9A72C86}.Debug|Any CPU.ActiveCfg = Debug|Any CPU
		{5851EE83-D459-4D39-BF39-54D8D9A72C86}.Debug|Any CPU.Build.0 = Debug|Any CPU
		{5851EE83-D459-4D39-BF39-54D8D9A72C86}.Release|Any CPU.ActiveCfg = Release|Any CPU
		{5851EE83-D459-4D39-BF39-54D8D9A72C86}.Release|Any CPU.Build.0 = Release|Any CPU
		{E0C003EE-962A-49DC-A614-8E1DD182239A}.Debug|Any CPU.ActiveCfg = Debug|Any CPU
		{E0C003EE-962A-49DC-A614-8E1DD182239A}.Debug|Any CPU.Build.0 = Debug|Any CPU
		{E0C003EE-962A-49DC-A614-8E1DD182239A}.Release|Any CPU.ActiveCfg = Release|Any CPU
		{E0C003EE-962A-49DC-A614-8E1DD182239A}.Release|Any CPU.Build.0 = Release|Any CPU
		{2D7D409D-08A5-4139-8F43-0725A41C64CF}.Debug|Any CPU.ActiveCfg = Debug|Any CPU
		{2D7D409D-08A5-4139-8F43-0725A41C64CF}.Debug|Any CPU.Build.0 = Debug|Any CPU
		{2D7D409D-08A5-4139-8F43-0725A41C64CF}.Release|Any CPU.ActiveCfg = Release|Any CPU
		{2D7D409D-08A5-4139-8F43-0725A41C64CF}.Release|Any CPU.Build.0 = Release|Any CPU
		{B4F7C4AF-4FEE-48A2-8B6A-82451E666A14}.Debug|Any CPU.ActiveCfg = Debug|Any CPU
		{B4F7C4AF-4FEE-48A2-8B6A-82451E666A14}.Debug|Any CPU.Build.0 = Debug|Any CPU
		{B4F7C4AF-4FEE-48A2-8B6A-82451E666A14}.Release|Any CPU.ActiveCfg = Release|Any CPU
		{B4F7C4AF-4FEE-48A2-8B6A-82451E666A14}.Release|Any CPU.Build.0 = Release|Any CPU
		{A3CECC4F-D288-4B99-9499-5DCDC6ABB6C2}.Debug|Any CPU.ActiveCfg = Debug|Any CPU
		{A3CECC4F-D288-4B99-9499-5DCDC6ABB6C2}.Debug|Any CPU.Build.0 = Debug|Any CPU
		{A3CECC4F-D288-4B99-9499-5DCDC6ABB6C2}.Release|Any CPU.ActiveCfg = Release|Any CPU
		{A3CECC4F-D288-4B99-9499-5DCDC6ABB6C2}.Release|Any CPU.Build.0 = Release|Any CPU
		{0CFD7C8B-BDE2-4730-8B28-9E6D541D9BA4}.Debug|Any CPU.ActiveCfg = Debug|Any CPU
		{0CFD7C8B-BDE2-4730-8B28-9E6D541D9BA4}.Debug|Any CPU.Build.0 = Debug|Any CPU
		{0CFD7C8B-BDE2-4730-8B28-9E6D541D9BA4}.Release|Any CPU.ActiveCfg = Release|Any CPU
		{0CFD7C8B-BDE2-4730-8B28-9E6D541D9BA4}.Release|Any CPU.Build.0 = Release|Any CPU
		{D39BE5B2-BC3C-4405-8BCC-BDBDE4ED1626}.Debug|Any CPU.ActiveCfg = Debug|Any CPU
		{D39BE5B2-BC3C-4405-8BCC-BDBDE4ED1626}.Debug|Any CPU.Build.0 = Debug|Any CPU
		{D39BE5B2-BC3C-4405-8BCC-BDBDE4ED1626}.Release|Any CPU.ActiveCfg = Release|Any CPU
		{D39BE5B2-BC3C-4405-8BCC-BDBDE4ED1626}.Release|Any CPU.Build.0 = Release|Any CPU
		{0C31E132-7091-45F6-B550-492DD022BF77}.Debug|Any CPU.ActiveCfg = Debug|Any CPU
		{0C31E132-7091-45F6-B550-492DD022BF77}.Debug|Any CPU.Build.0 = Debug|Any CPU
		{0C31E132-7091-45F6-B550-492DD022BF77}.Release|Any CPU.ActiveCfg = Release|Any CPU
		{0C31E132-7091-45F6-B550-492DD022BF77}.Release|Any CPU.Build.0 = Release|Any CPU
		{100DE3A4-E400-406F-BF88-381F8B269FC3}.Debug|Any CPU.ActiveCfg = Debug|Any CPU
		{100DE3A4-E400-406F-BF88-381F8B269FC3}.Debug|Any CPU.Build.0 = Debug|Any CPU
		{100DE3A4-E400-406F-BF88-381F8B269FC3}.Release|Any CPU.ActiveCfg = Release|Any CPU
		{100DE3A4-E400-406F-BF88-381F8B269FC3}.Release|Any CPU.Build.0 = Release|Any CPU
		{67C1EC7C-7C3A-49C5-A475-24C61B39AAE9}.Debug|Any CPU.ActiveCfg = Debug|Any CPU
		{67C1EC7C-7C3A-49C5-A475-24C61B39AAE9}.Debug|Any CPU.Build.0 = Debug|Any CPU
		{67C1EC7C-7C3A-49C5-A475-24C61B39AAE9}.Release|Any CPU.ActiveCfg = Release|Any CPU
		{67C1EC7C-7C3A-49C5-A475-24C61B39AAE9}.Release|Any CPU.Build.0 = Release|Any CPU
		{08C9905F-E5B8-4C01-AE0A-08B31CA76299}.Debug|Any CPU.ActiveCfg = Debug|Any CPU
		{08C9905F-E5B8-4C01-AE0A-08B31CA76299}.Debug|Any CPU.Build.0 = Debug|Any CPU
		{08C9905F-E5B8-4C01-AE0A-08B31CA76299}.Release|Any CPU.ActiveCfg = Release|Any CPU
		{08C9905F-E5B8-4C01-AE0A-08B31CA76299}.Release|Any CPU.Build.0 = Release|Any CPU
		{E63F7919-0C43-4105-91C8-06EF9710661E}.Debug|Any CPU.ActiveCfg = Debug|Any CPU
		{E63F7919-0C43-4105-91C8-06EF9710661E}.Debug|Any CPU.Build.0 = Debug|Any CPU
		{E63F7919-0C43-4105-91C8-06EF9710661E}.Release|Any CPU.ActiveCfg = Release|Any CPU
		{E63F7919-0C43-4105-91C8-06EF9710661E}.Release|Any CPU.Build.0 = Release|Any CPU
	EndGlobalSection
	GlobalSection(SolutionProperties) = preSolution
		HideSolutionNode = FALSE
	EndGlobalSection
	GlobalSection(NestedProjects) = preSolution
		{9004A77B-C2B2-45A7-95B1-60C27D9D84D4} = {924F8D2C-7B14-4EC1-A5AE-B0B43F943903}
		{FDA2720C-B1DB-43B2-8061-D0AD152FCD7B} = {258A4149-3A85-44B0-81BE-1115BBC984A7}
		{D2B6CDE8-525B-4185-A81D-80A1769F9117} = {258A4149-3A85-44B0-81BE-1115BBC984A7}
		{5851EE83-D459-4D39-BF39-54D8D9A72C86} = {258A4149-3A85-44B0-81BE-1115BBC984A7}
		{E0C003EE-962A-49DC-A614-8E1DD182239A} = {258A4149-3A85-44B0-81BE-1115BBC984A7}
		{2D7D409D-08A5-4139-8F43-0725A41C64CF} = {924F8D2C-7B14-4EC1-A5AE-B0B43F943903}
		{B4F7C4AF-4FEE-48A2-8B6A-82451E666A14} = {924F8D2C-7B14-4EC1-A5AE-B0B43F943903}
		{A3CECC4F-D288-4B99-9499-5DCDC6ABB6C2} = {924F8D2C-7B14-4EC1-A5AE-B0B43F943903}
		{0CFD7C8B-BDE2-4730-8B28-9E6D541D9BA4} = {924F8D2C-7B14-4EC1-A5AE-B0B43F943903}
		{D39BE5B2-BC3C-4405-8BCC-BDBDE4ED1626} = {924F8D2C-7B14-4EC1-A5AE-B0B43F943903}
		{0C31E132-7091-45F6-B550-492DD022BF77} = {924F8D2C-7B14-4EC1-A5AE-B0B43F943903}
		{100DE3A4-E400-406F-BF88-381F8B269FC3} = {924F8D2C-7B14-4EC1-A5AE-B0B43F943903}
		{67C1EC7C-7C3A-49C5-A475-24C61B39AAE9} = {924F8D2C-7B14-4EC1-A5AE-B0B43F943903}
		{08C9905F-E5B8-4C01-AE0A-08B31CA76299} = {924F8D2C-7B14-4EC1-A5AE-B0B43F943903}
		{E63F7919-0C43-4105-91C8-06EF9710661E} = {924F8D2C-7B14-4EC1-A5AE-B0B43F943903}
	EndGlobalSection
	GlobalSection(ExtensibilityGlobals) = postSolution
		SolutionGuid = {947E0376-576F-4BCA-AED1-E4A1806A507E}
	EndGlobalSection
EndGlobal
